
Microsoft Visual Studio Solution File, Format Version 12.00
# Visual Studio Version 16
VisualStudioVersion = 16.0.31424.327
MinimumVisualStudioVersion = 10.0.40219.1
Project("{9A19103F-16F7-4668-BE54-9A1E7A4F7556}") = "DuinoCoin.Net", "DuinoCoin.Net\DuinoCoin.Net.csproj", "{B6D54958-0C30-46DC-B870-8E063D06D752}"
EndProject
Project("{FAE04EC0-301F-11D3-BF4B-00C04F79EFBC}") = "DuinoCoin.Net.Tests", "DuinoCoin.Net.Tests\DuinoCoin.Net.Tests.csproj", "{8EA339D0-F7BE-47AF-B220-E21F0517B125}"
EndProject
Global
	GlobalSection(SolutionConfigurationPlatforms) = preSolution
		Debug|Any CPU = Debug|Any CPU
		Release|Any CPU = Release|Any CPU
	EndGlobalSection
	GlobalSection(ProjectConfigurationPlatforms) = postSolution
		{B6D54958-0C30-46DC-B870-8E063D06D752}.Debug|Any CPU.ActiveCfg = Debug|Any CPU
		{B6D54958-0C30-46DC-B870-8E063D06D752}.Debug|Any CPU.Build.0 = Debug|Any CPU
		{B6D54958-0C30-46DC-B870-8E063D06D752}.Release|Any CPU.ActiveCfg = Release|Any CPU
		{B6D54958-0C30-46DC-B870-8E063D06D752}.Release|Any CPU.Build.0 = Release|Any CPU
		{8EA339D0-F7BE-47AF-B220-E21F0517B125}.Debug|Any CPU.ActiveCfg = Debug|Any CPU
		{8EA339D0-F7BE-47AF-B220-E21F0517B125}.Debug|Any CPU.Build.0 = Debug|Any CPU
		{8EA339D0-F7BE-47AF-B220-E21F0517B125}.Release|Any CPU.ActiveCfg = Release|Any CPU
		{8EA339D0-F7BE-47AF-B220-E21F0517B125}.Release|Any CPU.Build.0 = Release|Any CPU
	EndGlobalSection
	GlobalSection(SolutionProperties) = preSolution
		HideSolutionNode = FALSE
	EndGlobalSection
	GlobalSection(ExtensibilityGlobals) = postSolution
		SolutionGuid = {2AD8B73D-BAF5-479A-AECF-508E540A0FD2}
	EndGlobalSection
EndGlobal
